
Microsoft Visual Studio Solution File, Format Version 11.00
# Visual Studio 2010
Project("{FAE04EC0-301F-11D3-BF4B-00C04F79EFBC}") = "College_Struggle_Kyurivu", "Assembly-CSharp.csproj", "{7E183261-6174-B6D7-BC74-D3D08ED6CF24}"
EndProject
Global
	GlobalSection(SolutionConfigurationPlatforms) = preSolution
		Debug|Any CPU = Debug|Any CPU
		Release|Any CPU = Release|Any CPU
	EndGlobalSection
	GlobalSection(ProjectConfigurationPlatforms) = postSolution
		{7E183261-6174-B6D7-BC74-D3D08ED6CF24}.Debug|Any CPU.ActiveCfg = Debug|Any CPU
		{7E183261-6174-B6D7-BC74-D3D08ED6CF24}.Debug|Any CPU.Build.0 = Debug|Any CPU
		{7E183261-6174-B6D7-BC74-D3D08ED6CF24}.Release|Any CPU.ActiveCfg = Release|Any CPU
		{7E183261-6174-B6D7-BC74-D3D08ED6CF24}.Release|Any CPU.Build.0 = Release|Any CPU
	EndGlobalSection
	GlobalSection(SolutionProperties) = preSolution
		HideSolutionNode = FALSE
	EndGlobalSection
	GlobalSection(MonoDevelopProperties) = preSolution
		StartupItem = Assembly-CSharp.csproj
	EndGlobalSection
EndGlobal
